
Microsoft Visual Studio Solution File, Format Version 12.00
# Visual Studio Version 16
VisualStudioVersion = 16.0.31025.194
MinimumVisualStudioVersion = 10.0.40219.1
Project("{FAE04EC0-301F-11D3-BF4B-00C04F79EFBC}") = "GraphQLWorkshop", "GraphQLWorkshop\GraphQLWorkshop.csproj", "{C71578E1-B66A-4A2E-913A-4BB9450F2A0F}"
EndProject
Global
	GlobalSection(SolutionConfigurationPlatforms) = preSolution
		Debug|Any CPU = Debug|Any CPU
		Release|Any CPU = Release|Any CPU
	EndGlobalSection
	GlobalSection(ProjectConfigurationPlatforms) = postSolution
		{C71578E1-B66A-4A2E-913A-4BB9450F2A0F}.Debug|Any CPU.ActiveCfg = Debug|Any CPU
		{C71578E1-B66A-4A2E-913A-4BB9450F2A0F}.Debug|Any CPU.Build.0 = Debug|Any CPU
		{C71578E1-B66A-4A2E-913A-4BB9450F2A0F}.Release|Any CPU.ActiveCfg = Release|Any CPU
		{C71578E1-B66A-4A2E-913A-4BB9450F2A0F}.Release|Any CPU.Build.0 = Release|Any CPU
	EndGlobalSection
	GlobalSection(SolutionProperties) = preSolution
		HideSolutionNode = FALSE
	EndGlobalSection
	GlobalSection(ExtensibilityGlobals) = postSolution
		SolutionGuid = {45B4EAC9-3509-402B-9212-50F069809E5E}
	EndGlobalSection
EndGlobal
